
Microsoft Visual Studio Solution File, Format Version 12.00
# Visual Studio Version 17
VisualStudioVersion = 17.7.34031.279
MinimumVisualStudioVersion = 10.0.40219.1
Project("{FAE04EC0-301F-11D3-BF4B-00C04F79EFBC}") = "TaskExample", "TaskExample\TaskExample.csproj", "{C97608A8-A8D3-4484-A96C-89FE5AD50AB1}"
EndProject
Global
	GlobalSection(SolutionConfigurationPlatforms) = preSolution
		Debug|Any CPU = Debug|Any CPU
		Release|Any CPU = Release|Any CPU
	EndGlobalSection
	GlobalSection(ProjectConfigurationPlatforms) = postSolution
		{C97608A8-A8D3-4484-A96C-89FE5AD50AB1}.Debug|Any CPU.ActiveCfg = Debug|Any CPU
		{C97608A8-A8D3-4484-A96C-89FE5AD50AB1}.Debug|Any CPU.Build.0 = Debug|Any CPU
		{C97608A8-A8D3-4484-A96C-89FE5AD50AB1}.Release|Any CPU.ActiveCfg = Release|Any CPU
		{C97608A8-A8D3-4484-A96C-89FE5AD50AB1}.Release|Any CPU.Build.0 = Release|Any CPU
	EndGlobalSection
	GlobalSection(SolutionProperties) = preSolution
		HideSolutionNode = FALSE
	EndGlobalSection
	GlobalSection(ExtensibilityGlobals) = postSolution
		SolutionGuid = {1D280164-EE76-4FD2-BB2B-7422D5FE2989}
	EndGlobalSection
EndGlobal
