
Microsoft Visual Studio Solution File, Format Version 12.00
# Visual Studio Version 17
VisualStudioVersion = 17.8.34309.116
MinimumVisualStudioVersion = 10.0.40219.1
Project("{FAE04EC0-301F-11D3-BF4B-00C04F79EFBC}") = "DirectoryExample", "DirectoryExample\DirectoryExample.csproj", "{C72FD728-0942-4901-8734-BF7A14DCB7F0}"
EndProject
Global
	GlobalSection(SolutionConfigurationPlatforms) = preSolution
		Debug|Any CPU = Debug|Any CPU
		Release|Any CPU = Release|Any CPU
	EndGlobalSection
	GlobalSection(ProjectConfigurationPlatforms) = postSolution
		{C72FD728-0942-4901-8734-BF7A14DCB7F0}.Debug|Any CPU.ActiveCfg = Debug|Any CPU
		{C72FD728-0942-4901-8734-BF7A14DCB7F0}.Debug|Any CPU.Build.0 = Debug|Any CPU
		{C72FD728-0942-4901-8734-BF7A14DCB7F0}.Release|Any CPU.ActiveCfg = Release|Any CPU
		{C72FD728-0942-4901-8734-BF7A14DCB7F0}.Release|Any CPU.Build.0 = Release|Any CPU
	EndGlobalSection
	GlobalSection(SolutionProperties) = preSolution
		HideSolutionNode = FALSE
	EndGlobalSection
	GlobalSection(ExtensibilityGlobals) = postSolution
		SolutionGuid = {D25C36E7-D24B-4D7F-80D3-E5FD880EC933}
	EndGlobalSection
EndGlobal
