
Microsoft Visual Studio Solution File, Format Version 12.00
# Visual Studio Version 17
VisualStudioVersion = 17.8.34309.116
MinimumVisualStudioVersion = 10.0.40219.1
Project("{FAE04EC0-301F-11D3-BF4B-00C04F79EFBC}") = "IndexFromEndExample", "IndexFromEndExample\IndexFromEndExample.csproj", "{CA8CFA7A-E1A1-4177-976F-130D793D86DB}"
EndProject
Global
	GlobalSection(SolutionConfigurationPlatforms) = preSolution
		Debug|Any CPU = Debug|Any CPU
		Release|Any CPU = Release|Any CPU
	EndGlobalSection
	GlobalSection(ProjectConfigurationPlatforms) = postSolution
		{CA8CFA7A-E1A1-4177-976F-130D793D86DB}.Debug|Any CPU.ActiveCfg = Debug|Any CPU
		{CA8CFA7A-E1A1-4177-976F-130D793D86DB}.Debug|Any CPU.Build.0 = Debug|Any CPU
		{CA8CFA7A-E1A1-4177-976F-130D793D86DB}.Release|Any CPU.ActiveCfg = Release|Any CPU
		{CA8CFA7A-E1A1-4177-976F-130D793D86DB}.Release|Any CPU.Build.0 = Release|Any CPU
	EndGlobalSection
	GlobalSection(SolutionProperties) = preSolution
		HideSolutionNode = FALSE
	EndGlobalSection
	GlobalSection(ExtensibilityGlobals) = postSolution
		SolutionGuid = {D132CAC4-B0FE-4A56-A6C1-B888B4FD95E5}
	EndGlobalSection
EndGlobal
