
Microsoft Visual Studio Solution File, Format Version 12.00
# Visual Studio Version 17
VisualStudioVersion = 17.8.34309.116
MinimumVisualStudioVersion = 10.0.40219.1
Project("{FAE04EC0-301F-11D3-BF4B-00C04F79EFBC}") = "OctalExample", "OctalExample\OctalExample.csproj", "{A7E98027-106C-4AE0-A44C-A180628E71A4}"
EndProject
Global
	GlobalSection(SolutionConfigurationPlatforms) = preSolution
		Debug|Any CPU = Debug|Any CPU
		Release|Any CPU = Release|Any CPU
	EndGlobalSection
	GlobalSection(ProjectConfigurationPlatforms) = postSolution
		{A7E98027-106C-4AE0-A44C-A180628E71A4}.Debug|Any CPU.ActiveCfg = Debug|Any CPU
		{A7E98027-106C-4AE0-A44C-A180628E71A4}.Debug|Any CPU.Build.0 = Debug|Any CPU
		{A7E98027-106C-4AE0-A44C-A180628E71A4}.Release|Any CPU.ActiveCfg = Release|Any CPU
		{A7E98027-106C-4AE0-A44C-A180628E71A4}.Release|Any CPU.Build.0 = Release|Any CPU
	EndGlobalSection
	GlobalSection(SolutionProperties) = preSolution
		HideSolutionNode = FALSE
	EndGlobalSection
	GlobalSection(ExtensibilityGlobals) = postSolution
		SolutionGuid = {9038D797-9DD4-4775-83C8-B3650701CF44}
	EndGlobalSection
EndGlobal
