
Microsoft Visual Studio Solution File, Format Version 12.00
# Visual Studio Version 17
VisualStudioVersion = 17.7.34031.279
MinimumVisualStudioVersion = 10.0.40219.1
Project("{FAE04EC0-301F-11D3-BF4B-00C04F79EFBC}") = "MainThread", "MainThread\MainThread.csproj", "{07626965-CF98-40A5-BF60-389E240B5D98}"
EndProject
Global
	GlobalSection(SolutionConfigurationPlatforms) = preSolution
		Debug|Any CPU = Debug|Any CPU
		Release|Any CPU = Release|Any CPU
	EndGlobalSection
	GlobalSection(ProjectConfigurationPlatforms) = postSolution
		{07626965-CF98-40A5-BF60-389E240B5D98}.Debug|Any CPU.ActiveCfg = Debug|Any CPU
		{07626965-CF98-40A5-BF60-389E240B5D98}.Debug|Any CPU.Build.0 = Debug|Any CPU
		{07626965-CF98-40A5-BF60-389E240B5D98}.Release|Any CPU.ActiveCfg = Release|Any CPU
		{07626965-CF98-40A5-BF60-389E240B5D98}.Release|Any CPU.Build.0 = Release|Any CPU
	EndGlobalSection
	GlobalSection(SolutionProperties) = preSolution
		HideSolutionNode = FALSE
	EndGlobalSection
	GlobalSection(ExtensibilityGlobals) = postSolution
		SolutionGuid = {0408E0C8-DF00-480B-966C-E418709940F2}
	EndGlobalSection
EndGlobal
