
Microsoft Visual Studio Solution File, Format Version 12.00
# Visual Studio Version 17
VisualStudioVersion = 17.8.34309.116
MinimumVisualStudioVersion = 10.0.40219.1
Project("{FAE04EC0-301F-11D3-BF4B-00C04F79EFBC}") = "RecordStructExample", "RecordStructExample\RecordStructExample.csproj", "{E4257BBB-70E5-4E6A-9723-CE1B5D231222}"
EndProject
Global
	GlobalSection(SolutionConfigurationPlatforms) = preSolution
		Debug|Any CPU = Debug|Any CPU
		Release|Any CPU = Release|Any CPU
	EndGlobalSection
	GlobalSection(ProjectConfigurationPlatforms) = postSolution
		{E4257BBB-70E5-4E6A-9723-CE1B5D231222}.Debug|Any CPU.ActiveCfg = Debug|Any CPU
		{E4257BBB-70E5-4E6A-9723-CE1B5D231222}.Debug|Any CPU.Build.0 = Debug|Any CPU
		{E4257BBB-70E5-4E6A-9723-CE1B5D231222}.Release|Any CPU.ActiveCfg = Release|Any CPU
		{E4257BBB-70E5-4E6A-9723-CE1B5D231222}.Release|Any CPU.Build.0 = Release|Any CPU
	EndGlobalSection
	GlobalSection(SolutionProperties) = preSolution
		HideSolutionNode = FALSE
	EndGlobalSection
	GlobalSection(ExtensibilityGlobals) = postSolution
		SolutionGuid = {A2622449-36D7-49B7-9C6A-CAAC8809C11A}
	EndGlobalSection
EndGlobal
