
Microsoft Visual Studio Solution File, Format Version 12.00
# Visual Studio Version 17
VisualStudioVersion = 17.8.34309.116
MinimumVisualStudioVersion = 10.0.40219.1
Project("{FAE04EC0-301F-11D3-BF4B-00C04F79EFBC}") = "ModuleInitializerExample", "ModuleInitializerExample\ModuleInitializerExample.csproj", "{D2FFFD71-4331-4113-8AD1-A1C32FA61499}"
EndProject
Global
	GlobalSection(SolutionConfigurationPlatforms) = preSolution
		Debug|Any CPU = Debug|Any CPU
		Release|Any CPU = Release|Any CPU
	EndGlobalSection
	GlobalSection(ProjectConfigurationPlatforms) = postSolution
		{D2FFFD71-4331-4113-8AD1-A1C32FA61499}.Debug|Any CPU.ActiveCfg = Debug|Any CPU
		{D2FFFD71-4331-4113-8AD1-A1C32FA61499}.Debug|Any CPU.Build.0 = Debug|Any CPU
		{D2FFFD71-4331-4113-8AD1-A1C32FA61499}.Release|Any CPU.ActiveCfg = Release|Any CPU
		{D2FFFD71-4331-4113-8AD1-A1C32FA61499}.Release|Any CPU.Build.0 = Release|Any CPU
	EndGlobalSection
	GlobalSection(SolutionProperties) = preSolution
		HideSolutionNode = FALSE
	EndGlobalSection
	GlobalSection(ExtensibilityGlobals) = postSolution
		SolutionGuid = {735833E3-0671-4FB4-B3C9-DE3D39FE101F}
	EndGlobalSection
EndGlobal
