
Microsoft Visual Studio Solution File, Format Version 12.00
# Visual Studio Version 17
VisualStudioVersion = 17.8.34309.116
MinimumVisualStudioVersion = 10.0.40219.1
Project("{FAE04EC0-301F-11D3-BF4B-00C04F79EFBC}") = "HexadecimalExample", "HexadecimalExample\HexadecimalExample.csproj", "{7759A75D-6A70-48CA-BC18-DF130F8677AA}"
EndProject
Global
	GlobalSection(SolutionConfigurationPlatforms) = preSolution
		Debug|Any CPU = Debug|Any CPU
		Release|Any CPU = Release|Any CPU
	EndGlobalSection
	GlobalSection(ProjectConfigurationPlatforms) = postSolution
		{7759A75D-6A70-48CA-BC18-DF130F8677AA}.Debug|Any CPU.ActiveCfg = Debug|Any CPU
		{7759A75D-6A70-48CA-BC18-DF130F8677AA}.Debug|Any CPU.Build.0 = Debug|Any CPU
		{7759A75D-6A70-48CA-BC18-DF130F8677AA}.Release|Any CPU.ActiveCfg = Release|Any CPU
		{7759A75D-6A70-48CA-BC18-DF130F8677AA}.Release|Any CPU.Build.0 = Release|Any CPU
	EndGlobalSection
	GlobalSection(SolutionProperties) = preSolution
		HideSolutionNode = FALSE
	EndGlobalSection
	GlobalSection(ExtensibilityGlobals) = postSolution
		SolutionGuid = {CE1C9178-B5A5-4E78-BCCC-5C93958F2B7A}
	EndGlobalSection
EndGlobal
